
Microsoft Visual Studio Solution File, Format Version 12.00
# Visual Studio Version 16
VisualStudioVersion = 16.0.31702.278
MinimumVisualStudioVersion = 10.0.40219.1
Project("{8BC9CEB8-8B4A-11D0-8D11-00A0C91BC942}") = "Zdravic", "Zdravic\Zdravic.vcxproj", "{BA7183FB-F417-4640-A445-ABE54D838DB9}"
EndProject
Project("{2150E333-8FDC-42A3-9474-1A3956D46DE8}") = "cvi1", "cvi1", "{ACF416DA-C825-4677-8067-EC161295ECC2}"
EndProject
Project("{2150E333-8FDC-42A3-9474-1A3956D46DE8}") = "cvi2", "cvi2", "{3D6F1DFC-2436-49A2-B5C2-98C72BCB9F12}"
EndProject
Project("{8BC9CEB8-8B4A-11D0-8D11-00A0C91BC942}") = "Datove_typy", "Datove_typy\Datove_typy.vcxproj", "{01499617-C2B9-4118-B871-757F5E6914D0}"
EndProject
Project("{8BC9CEB8-8B4A-11D0-8D11-00A0C91BC942}") = "Obdelnik", "Obdelnik\Obdelnik.vcxproj", "{A43CE61D-3438-4C7B-B0F7-599002859583}"
EndProject
Project("{8BC9CEB8-8B4A-11D0-8D11-00A0C91BC942}") = "Kalkulacka", "Kalkulacka\Kalkulacka.vcxproj", "{8447829F-46CB-4E22-8247-0A9A61DAA542}"
EndProject
Project("{8BC9CEB8-8B4A-11D0-8D11-00A0C91BC942}") = "Malovani", "Malovani\Malovani.vcxproj", "{65B0BFE2-E474-4A55-9E62-B099690E2394}"
EndProject
Project("{8BC9CEB8-8B4A-11D0-8D11-00A0C91BC942}") = "Podminky_a_cykly", "Podminky_a_cykly\Podminky_a_cykly.vcxproj", "{9820E3A6-38EF-4285-B391-AF9F41B16881}"
EndProject
Project("{2150E333-8FDC-42A3-9474-1A3956D46DE8}") = "cvi3", "cvi3", "{4210C655-4BB7-4DD8-8F3F-387D9CB405C4}"
EndProject
Project("{8BC9CEB8-8B4A-11D0-8D11-00A0C91BC942}") = "Opakovani_cykly_a_podminky", "opakovani_cykly_a_podminky\opakovani_cykly_a_podminky.vcxproj", "{26567707-8FA3-4C72-8A39-B12E52740F2B}"
EndProject
Project("{2150E333-8FDC-42A3-9474-1A3956D46DE8}") = "cvi4", "cvi4", "{83F4E9CD-2C47-478B-9BA2-A5A89AB1BC17}"
EndProject
Project("{8BC9CEB8-8B4A-11D0-8D11-00A0C91BC942}") = "Vitek_validator", "Vitek_validator\Vitek_validator.vcxproj", "{28DC3F00-334C-413E-A8FE-CEDFD5F4AF2F}"
EndProject
Project("{8BC9CEB8-8B4A-11D0-8D11-00A0C91BC942}") = "Funkce", "Funkce\Funkce.vcxproj", "{88B067D5-96AF-48D7-AB53-AEF4DD1C3664}"
EndProject
Project("{8BC9CEB8-8B4A-11D0-8D11-00A0C91BC942}") = "Funkce_trenink", "Funkce_trenink\Funkce_trenink.vcxproj", "{2DAC1316-4D17-4EBD-9FDC-B92B68E482D3}"
EndProject
Project("{8BC9CEB8-8B4A-11D0-8D11-00A0C91BC942}") = "Pretypovani", "Pretypovani\Pretypovani.vcxproj", "{E9CBFFE1-C77A-413A-A27F-D830261162A8}"
EndProject
Project("{2150E333-8FDC-42A3-9474-1A3956D46DE8}") = "cvi5", "cvi5", "{C8889C5A-3003-4E83-BD3D-8CA05148BB38}"
EndProject
Project("{8BC9CEB8-8B4A-11D0-8D11-00A0C91BC942}") = "Vektor", "Vektor\Vektor.vcxproj", "{FFBF79EB-86EF-4A76-93FC-CE0CF42DCB37}"
EndProject
Project("{8BC9CEB8-8B4A-11D0-8D11-00A0C91BC942}") = "Pole", "Pole\Pole.vcxproj", "{AD4674D1-797C-4B65-ABD8-3A82CF080BB3}"
EndProject
Project("{2150E333-8FDC-42A3-9474-1A3956D46DE8}") = "cvi6", "cvi6", "{81619FE3-0B30-42E8-A920-350E23E56AF6}"
EndProject
Project("{2150E333-8FDC-42A3-9474-1A3956D46DE8}") = "cvi7", "cvi7", "{D4A428FE-71E8-426A-9168-1FD73EBD8044}"
EndProject
Project("{8BC9CEB8-8B4A-11D0-8D11-00A0C91BC942}") = "Dynamicke_pole", "Dynamicke_pole\Dynamicke_pole.vcxproj", "{2F540121-3AAB-4D78-9AF4-00A5404BECDA}"
EndProject
Project("{8BC9CEB8-8B4A-11D0-8D11-00A0C91BC942}") = "Ukazatele_a_reference", "Ukazatele_a_reference\Ukazatele_a_reference.vcxproj", "{64AD4864-4399-41A5-8E8D-16D2676E3E16}"
EndProject
Project("{8BC9CEB8-8B4A-11D0-8D11-00A0C91BC942}") = "Ukazka_funkci_s_ukazately", "Ukazka_funkci_s_ukazately\Ukazka_funkci_s_ukazately.vcxproj", "{F3982D21-9D74-4130-AE92-6F7579F06B4F}"
EndProject
Project("{8BC9CEB8-8B4A-11D0-8D11-00A0C91BC942}") = "Kalk_test", "Kalk_test\Kalk_test.vcxproj", "{19252D40-8832-400C-A8EE-6E5144F69F0C}"
EndProject
Project("{2150E333-8FDC-42A3-9474-1A3956D46DE8}") = "cvi8", "cvi8", "{59C9342A-0F06-4C0E-8C7E-9686B6795FB9}"
EndProject
Project("{8BC9CEB8-8B4A-11D0-8D11-00A0C91BC942}") = "List", "List\List.vcxproj", "{CDE2119B-17EB-4E3C-AB00-84E8E24251A2}"
EndProject
Project("{8BC9CEB8-8B4A-11D0-8D11-00A0C91BC942}") = "Trénink", "Trénink\Trénink.vcxproj", "{2F0F55DD-C3DE-46E8-9F41-A863B81C98DA}"
EndProject
Project("{8BC9CEB8-8B4A-11D0-8D11-00A0C91BC942}") = "Sablony", "Sablony\Sablony.vcxproj", "{DAFE6BC5-E927-4D45-91DF-56D251CE704B}"
EndProject
Project("{8BC9CEB8-8B4A-11D0-8D11-00A0C91BC942}") = "Porovnani_poli", "Porovnani_poli\Porovnani_poli.vcxproj", "{2C3366CB-F7E7-4C39-84F8-6015B352A273}"
EndProject
Project("{8BC9CEB8-8B4A-11D0-8D11-00A0C91BC942}") = "Otoc_slovo", "Otoc_slovo\Otoc_slovo.vcxproj", "{7216EA67-CB35-4679-A709-E734EBCB7A28}"
EndProject
Project("{2150E333-8FDC-42A3-9474-1A3956D46DE8}") = "cvi9", "cvi9", "{3E68454A-36BB-46C0-B9C9-23AF72CF1ECD}"
EndProject
Project("{8BC9CEB8-8B4A-11D0-8D11-00A0C91BC942}") = "Vyjimky", "Vyjimky\Vyjimky.vcxproj", "{60BD7C55-E63C-415A-8B5D-2812066CAB50}"
EndProject
Project("{8BC9CEB8-8B4A-11D0-8D11-00A0C91BC942}") = "Osetreni_vstupu", "Osetreni_vstupu\Osetreni_vstupu.vcxproj", "{57171476-BAC5-4D5B-BC25-9091547A218A}"
EndProject
Project("{8BC9CEB8-8B4A-11D0-8D11-00A0C91BC942}") = "Meze", "Meze\Meze.vcxproj", "{82BAB178-2D77-439B-95F6-492AF07C29D5}"
EndProject
Project("{8BC9CEB8-8B4A-11D0-8D11-00A0C91BC942}") = "Trenink_vyjimky", "Trenink_vyjimky\Trenink_vyjimky.vcxproj", "{4FE7C048-583F-467C-B030-89C7A8ECE27A}"
EndProject
Project("{8BC9CEB8-8B4A-11D0-8D11-00A0C91BC942}") = "Ploe2D", "Ploe2D\Ploe2D.vcxproj", "{E7F65155-3C7C-485F-AAE8-7D0794FA84D8}"
EndProject
Project("{8BC9CEB8-8B4A-11D0-8D11-00A0C91BC942}") = "Struktury", "Struktury\Struktury.vcxproj", "{698CC252-F70E-490B-87E0-66C6EA27155D}"
EndProject
Project("{8BC9CEB8-8B4A-11D0-8D11-00A0C91BC942}") = "Enumy", "Enumy\Enumy.vcxproj", "{C332F3DD-9D9D-4BC8-AFDD-0D2D3D536D78}"
EndProject
Project("{8BC9CEB8-8B4A-11D0-8D11-00A0C91BC942}") = "Uniony", "Uniony\Uniony.vcxproj", "{47014C4C-C77B-497B-BFFE-86A987EDABEF}"
EndProject
Project("{8BC9CEB8-8B4A-11D0-8D11-00A0C91BC942}") = "Hra", "Hra\Hra.vcxproj", "{E539042A-AE32-4E84-B90B-0045642A550D}"
EndProject
Project("{2150E333-8FDC-42A3-9474-1A3956D46DE8}") = "cvic10", "cvic10", "{F702ED74-72C6-4C32-A408-B7C4DFEDCBE2}"
EndProject
Project("{8BC9CEB8-8B4A-11D0-8D11-00A0C91BC942}") = "Tridy", "Tridy\Tridy.vcxproj", "{6004AED2-722F-4937-BF39-F0FDFC6DB346}"
EndProject
Project("{2150E333-8FDC-42A3-9474-1A3956D46DE8}") = "cvic12", "cvic12", "{BE47A386-4C90-41FB-AD23-5707E7B51640}"
EndProject
Project("{8BC9CEB8-8B4A-11D0-8D11-00A0C91BC942}") = "Ukazka_zkouskoveho_programu", "Ukazka_zkouskoveho_programu\Ukazka_zkouskoveho_programu.vcxproj", "{FFB57644-D4F4-4AC8-AAFD-C812B8570462}"
EndProject
Project("{2150E333-8FDC-42A3-9474-1A3956D46DE8}") = "cvic11", "cvic11", "{7C675842-A067-4356-BBB9-05F161062E48}"
EndProject
Project("{8BC9CEB8-8B4A-11D0-8D11-00A0C91BC942}") = "Tridy_trenink", "Tridy_trenink\Tridy_trenink.vcxproj", "{3E9267F7-1BA5-48B9-8142-62C547CF09FD}"
EndProject
Project("{8BC9CEB8-8B4A-11D0-8D11-00A0C91BC942}") = "Tridy_trenink_II", "Tridy_trenink_II\Tridy_trenink_II.vcxproj", "{F6B85346-714D-4747-A7EB-131863336C2A}"
EndProject
Project("{8BC9CEB8-8B4A-11D0-8D11-00A0C91BC942}") = "Zapis_do_souboru", "Zapis_do_souboru\Zapis_do_souboru.vcxproj", "{D93AAD42-8029-4E08-AE82-C93CA401EB26}"
EndProject
Project("{8BC9CEB8-8B4A-11D0-8D11-00A0C91BC942}") = "Rekurzivni_funkce", "Rekurzivni_funkce\Rekurzivni_funkce.vcxproj", "{04DD1D18-AF48-4049-8622-0B55F5289ACF}"
EndProject
Project("{8BC9CEB8-8B4A-11D0-8D11-00A0C91BC942}") = "Pretizeni_funkci", "Pretizeni_funkci\Pretizeni_funkci.vcxproj", "{1F976843-01B2-4010-ABF7-200368FFD22A}"
EndProject
Project("{8BC9CEB8-8B4A-11D0-8D11-00A0C91BC942}") = "Test_1", "Test_1\Test_1.vcxproj", "{FE5DEFB6-35C6-409C-9BBA-9866EBAF5D46}"
EndProject
Project("{2150E333-8FDC-42A3-9474-1A3956D46DE8}") = "Zapocty", "Zapocty", "{2CD80D7F-5AC4-4CF7-96D3-A178F5E23FAD}"
EndProject
Project("{8BC9CEB8-8B4A-11D0-8D11-00A0C91BC942}") = "Test 2", "Test 2\Test 2.vcxproj", "{E1DA9FB1-99C0-4D87-80CF-789138E78D4D}"
EndProject
Project("{8BC9CEB8-8B4A-11D0-8D11-00A0C91BC942}") = "Neco_jako_zapocet", "Neco_jako_zapocet\Neco_jako_zapocet.vcxproj", "{555594DA-1FFF-4547-882A-8459C83B7817}"
EndProject
Global
	GlobalSection(SolutionConfigurationPlatforms) = preSolution
		Debug|x64 = Debug|x64
		Debug|x86 = Debug|x86
		Release|x64 = Release|x64
		Release|x86 = Release|x86
	EndGlobalSection
	GlobalSection(ProjectConfigurationPlatforms) = postSolution
		{BA7183FB-F417-4640-A445-ABE54D838DB9}.Debug|x64.ActiveCfg = Debug|x64
		{BA7183FB-F417-4640-A445-ABE54D838DB9}.Debug|x64.Build.0 = Debug|x64
		{BA7183FB-F417-4640-A445-ABE54D838DB9}.Debug|x86.ActiveCfg = Debug|Win32
		{BA7183FB-F417-4640-A445-ABE54D838DB9}.Debug|x86.Build.0 = Debug|Win32
		{BA7183FB-F417-4640-A445-ABE54D838DB9}.Release|x64.ActiveCfg = Release|x64
		{BA7183FB-F417-4640-A445-ABE54D838DB9}.Release|x64.Build.0 = Release|x64
		{BA7183FB-F417-4640-A445-ABE54D838DB9}.Release|x86.ActiveCfg = Release|Win32
		{BA7183FB-F417-4640-A445-ABE54D838DB9}.Release|x86.Build.0 = Release|Win32
		{01499617-C2B9-4118-B871-757F5E6914D0}.Debug|x64.ActiveCfg = Debug|x64
		{01499617-C2B9-4118-B871-757F5E6914D0}.Debug|x64.Build.0 = Debug|x64
		{01499617-C2B9-4118-B871-757F5E6914D0}.Debug|x86.ActiveCfg = Debug|Win32
		{01499617-C2B9-4118-B871-757F5E6914D0}.Debug|x86.Build.0 = Debug|Win32
		{01499617-C2B9-4118-B871-757F5E6914D0}.Release|x64.ActiveCfg = Release|x64
		{01499617-C2B9-4118-B871-757F5E6914D0}.Release|x64.Build.0 = Release|x64
		{01499617-C2B9-4118-B871-757F5E6914D0}.Release|x86.ActiveCfg = Release|Win32
		{01499617-C2B9-4118-B871-757F5E6914D0}.Release|x86.Build.0 = Release|Win32
		{A43CE61D-3438-4C7B-B0F7-599002859583}.Debug|x64.ActiveCfg = Debug|x64
		{A43CE61D-3438-4C7B-B0F7-599002859583}.Debug|x64.Build.0 = Debug|x64
		{A43CE61D-3438-4C7B-B0F7-599002859583}.Debug|x86.ActiveCfg = Debug|Win32
		{A43CE61D-3438-4C7B-B0F7-599002859583}.Debug|x86.Build.0 = Debug|Win32
		{A43CE61D-3438-4C7B-B0F7-599002859583}.Release|x64.ActiveCfg = Release|x64
		{A43CE61D-3438-4C7B-B0F7-599002859583}.Release|x64.Build.0 = Release|x64
		{A43CE61D-3438-4C7B-B0F7-599002859583}.Release|x86.ActiveCfg = Release|Win32
		{A43CE61D-3438-4C7B-B0F7-599002859583}.Release|x86.Build.0 = Release|Win32
		{8447829F-46CB-4E22-8247-0A9A61DAA542}.Debug|x64.ActiveCfg = Debug|x64
		{8447829F-46CB-4E22-8247-0A9A61DAA542}.Debug|x64.Build.0 = Debug|x64
		{8447829F-46CB-4E22-8247-0A9A61DAA542}.Debug|x86.ActiveCfg = Debug|Win32
		{8447829F-46CB-4E22-8247-0A9A61DAA542}.Debug|x86.Build.0 = Debug|Win32
		{8447829F-46CB-4E22-8247-0A9A61DAA542}.Release|x64.ActiveCfg = Release|x64
		{8447829F-46CB-4E22-8247-0A9A61DAA542}.Release|x64.Build.0 = Release|x64
		{8447829F-46CB-4E22-8247-0A9A61DAA542}.Release|x86.ActiveCfg = Release|Win32
		{8447829F-46CB-4E22-8247-0A9A61DAA542}.Release|x86.Build.0 = Release|Win32
		{65B0BFE2-E474-4A55-9E62-B099690E2394}.Debug|x64.ActiveCfg = Debug|x64
		{65B0BFE2-E474-4A55-9E62-B099690E2394}.Debug|x64.Build.0 = Debug|x64
		{65B0BFE2-E474-4A55-9E62-B099690E2394}.Debug|x86.ActiveCfg = Debug|Win32
		{65B0BFE2-E474-4A55-9E62-B099690E2394}.Debug|x86.Build.0 = Debug|Win32
		{65B0BFE2-E474-4A55-9E62-B099690E2394}.Release|x64.ActiveCfg = Release|x64
		{65B0BFE2-E474-4A55-9E62-B099690E2394}.Release|x64.Build.0 = Release|x64
		{65B0BFE2-E474-4A55-9E62-B099690E2394}.Release|x86.ActiveCfg = Release|Win32
		{65B0BFE2-E474-4A55-9E62-B099690E2394}.Release|x86.Build.0 = Release|Win32
		{9820E3A6-38EF-4285-B391-AF9F41B16881}.Debug|x64.ActiveCfg = Debug|x64
		{9820E3A6-38EF-4285-B391-AF9F41B16881}.Debug|x64.Build.0 = Debug|x64
		{9820E3A6-38EF-4285-B391-AF9F41B16881}.Debug|x86.ActiveCfg = Debug|Win32
		{9820E3A6-38EF-4285-B391-AF9F41B16881}.Debug|x86.Build.0 = Debug|Win32
		{9820E3A6-38EF-4285-B391-AF9F41B16881}.Release|x64.ActiveCfg = Release|x64
		{9820E3A6-38EF-4285-B391-AF9F41B16881}.Release|x64.Build.0 = Release|x64
		{9820E3A6-38EF-4285-B391-AF9F41B16881}.Release|x86.ActiveCfg = Release|Win32
		{9820E3A6-38EF-4285-B391-AF9F41B16881}.Release|x86.Build.0 = Release|Win32
		{26567707-8FA3-4C72-8A39-B12E52740F2B}.Debug|x64.ActiveCfg = Debug|x64
		{26567707-8FA3-4C72-8A39-B12E52740F2B}.Debug|x64.Build.0 = Debug|x64
		{26567707-8FA3-4C72-8A39-B12E52740F2B}.Debug|x86.ActiveCfg = Debug|Win32
		{26567707-8FA3-4C72-8A39-B12E52740F2B}.Debug|x86.Build.0 = Debug|Win32
		{26567707-8FA3-4C72-8A39-B12E52740F2B}.Release|x64.ActiveCfg = Release|x64
		{26567707-8FA3-4C72-8A39-B12E52740F2B}.Release|x64.Build.0 = Release|x64
		{26567707-8FA3-4C72-8A39-B12E52740F2B}.Release|x86.ActiveCfg = Release|Win32
		{26567707-8FA3-4C72-8A39-B12E52740F2B}.Release|x86.Build.0 = Release|Win32
		{28DC3F00-334C-413E-A8FE-CEDFD5F4AF2F}.Debug|x64.ActiveCfg = Debug|x64
		{28DC3F00-334C-413E-A8FE-CEDFD5F4AF2F}.Debug|x64.Build.0 = Debug|x64
		{28DC3F00-334C-413E-A8FE-CEDFD5F4AF2F}.Debug|x86.ActiveCfg = Debug|Win32
		{28DC3F00-334C-413E-A8FE-CEDFD5F4AF2F}.Debug|x86.Build.0 = Debug|Win32
		{28DC3F00-334C-413E-A8FE-CEDFD5F4AF2F}.Release|x64.ActiveCfg = Release|x64
		{28DC3F00-334C-413E-A8FE-CEDFD5F4AF2F}.Release|x64.Build.0 = Release|x64
		{28DC3F00-334C-413E-A8FE-CEDFD5F4AF2F}.Release|x86.ActiveCfg = Release|Win32
		{28DC3F00-334C-413E-A8FE-CEDFD5F4AF2F}.Release|x86.Build.0 = Release|Win32
		{88B067D5-96AF-48D7-AB53-AEF4DD1C3664}.Debug|x64.ActiveCfg = Debug|x64
		{88B067D5-96AF-48D7-AB53-AEF4DD1C3664}.Debug|x64.Build.0 = Debug|x64
		{88B067D5-96AF-48D7-AB53-AEF4DD1C3664}.Debug|x86.ActiveCfg = Debug|Win32
		{88B067D5-96AF-48D7-AB53-AEF4DD1C3664}.Debug|x86.Build.0 = Debug|Win32
		{88B067D5-96AF-48D7-AB53-AEF4DD1C3664}.Release|x64.ActiveCfg = Release|x64
		{88B067D5-96AF-48D7-AB53-AEF4DD1C3664}.Release|x64.Build.0 = Release|x64
		{88B067D5-96AF-48D7-AB53-AEF4DD1C3664}.Release|x86.ActiveCfg = Release|Win32
		{88B067D5-96AF-48D7-AB53-AEF4DD1C3664}.Release|x86.Build.0 = Release|Win32
		{2DAC1316-4D17-4EBD-9FDC-B92B68E482D3}.Debug|x64.ActiveCfg = Debug|x64
		{2DAC1316-4D17-4EBD-9FDC-B92B68E482D3}.Debug|x64.Build.0 = Debug|x64
		{2DAC1316-4D17-4EBD-9FDC-B92B68E482D3}.Debug|x86.ActiveCfg = Debug|Win32
		{2DAC1316-4D17-4EBD-9FDC-B92B68E482D3}.Debug|x86.Build.0 = Debug|Win32
		{2DAC1316-4D17-4EBD-9FDC-B92B68E482D3}.Release|x64.ActiveCfg = Release|x64
		{2DAC1316-4D17-4EBD-9FDC-B92B68E482D3}.Release|x64.Build.0 = Release|x64
		{2DAC1316-4D17-4EBD-9FDC-B92B68E482D3}.Release|x86.ActiveCfg = Release|Win32
		{2DAC1316-4D17-4EBD-9FDC-B92B68E482D3}.Release|x86.Build.0 = Release|Win32
		{E9CBFFE1-C77A-413A-A27F-D830261162A8}.Debug|x64.ActiveCfg = Debug|x64
		{E9CBFFE1-C77A-413A-A27F-D830261162A8}.Debug|x64.Build.0 = Debug|x64
		{E9CBFFE1-C77A-413A-A27F-D830261162A8}.Debug|x86.ActiveCfg = Debug|Win32
		{E9CBFFE1-C77A-413A-A27F-D830261162A8}.Debug|x86.Build.0 = Debug|Win32
		{E9CBFFE1-C77A-413A-A27F-D830261162A8}.Release|x64.ActiveCfg = Release|x64
		{E9CBFFE1-C77A-413A-A27F-D830261162A8}.Release|x64.Build.0 = Release|x64
		{E9CBFFE1-C77A-413A-A27F-D830261162A8}.Release|x86.ActiveCfg = Release|Win32
		{E9CBFFE1-C77A-413A-A27F-D830261162A8}.Release|x86.Build.0 = Release|Win32
		{FFBF79EB-86EF-4A76-93FC-CE0CF42DCB37}.Debug|x64.ActiveCfg = Debug|x64
		{FFBF79EB-86EF-4A76-93FC-CE0CF42DCB37}.Debug|x64.Build.0 = Debug|x64
		{FFBF79EB-86EF-4A76-93FC-CE0CF42DCB37}.Debug|x86.ActiveCfg = Debug|Win32
		{FFBF79EB-86EF-4A76-93FC-CE0CF42DCB37}.Debug|x86.Build.0 = Debug|Win32
		{FFBF79EB-86EF-4A76-93FC-CE0CF42DCB37}.Release|x64.ActiveCfg = Release|x64
		{FFBF79EB-86EF-4A76-93FC-CE0CF42DCB37}.Release|x64.Build.0 = Release|x64
		{FFBF79EB-86EF-4A76-93FC-CE0CF42DCB37}.Release|x86.ActiveCfg = Release|Win32
		{FFBF79EB-86EF-4A76-93FC-CE0CF42DCB37}.Release|x86.Build.0 = Release|Win32
		{AD4674D1-797C-4B65-ABD8-3A82CF080BB3}.Debug|x64.ActiveCfg = Debug|x64
		{AD4674D1-797C-4B65-ABD8-3A82CF080BB3}.Debug|x64.Build.0 = Debug|x64
		{AD4674D1-797C-4B65-ABD8-3A82CF080BB3}.Debug|x86.ActiveCfg = Debug|Win32
		{AD4674D1-797C-4B65-ABD8-3A82CF080BB3}.Debug|x86.Build.0 = Debug|Win32
		{AD4674D1-797C-4B65-ABD8-3A82CF080BB3}.Release|x64.ActiveCfg = Release|x64
		{AD4674D1-797C-4B65-ABD8-3A82CF080BB3}.Release|x64.Build.0 = Release|x64
		{AD4674D1-797C-4B65-ABD8-3A82CF080BB3}.Release|x86.ActiveCfg = Release|Win32
		{AD4674D1-797C-4B65-ABD8-3A82CF080BB3}.Release|x86.Build.0 = Release|Win32
		{2F540121-3AAB-4D78-9AF4-00A5404BECDA}.Debug|x64.ActiveCfg = Debug|x64
		{2F540121-3AAB-4D78-9AF4-00A5404BECDA}.Debug|x64.Build.0 = Debug|x64
		{2F540121-3AAB-4D78-9AF4-00A5404BECDA}.Debug|x86.ActiveCfg = Debug|Win32
		{2F540121-3AAB-4D78-9AF4-00A5404BECDA}.Debug|x86.Build.0 = Debug|Win32
		{2F540121-3AAB-4D78-9AF4-00A5404BECDA}.Release|x64.ActiveCfg = Release|x64
		{2F540121-3AAB-4D78-9AF4-00A5404BECDA}.Release|x64.Build.0 = Release|x64
		{2F540121-3AAB-4D78-9AF4-00A5404BECDA}.Release|x86.ActiveCfg = Release|Win32
		{2F540121-3AAB-4D78-9AF4-00A5404BECDA}.Release|x86.Build.0 = Release|Win32
		{64AD4864-4399-41A5-8E8D-16D2676E3E16}.Debug|x64.ActiveCfg = Debug|x64
		{64AD4864-4399-41A5-8E8D-16D2676E3E16}.Debug|x64.Build.0 = Debug|x64
		{64AD4864-4399-41A5-8E8D-16D2676E3E16}.Debug|x86.ActiveCfg = Debug|Win32
		{64AD4864-4399-41A5-8E8D-16D2676E3E16}.Debug|x86.Build.0 = Debug|Win32
		{64AD4864-4399-41A5-8E8D-16D2676E3E16}.Release|x64.ActiveCfg = Release|x64
		{64AD4864-4399-41A5-8E8D-16D2676E3E16}.Release|x64.Build.0 = Release|x64
		{64AD4864-4399-41A5-8E8D-16D2676E3E16}.Release|x86.ActiveCfg = Release|Win32
		{64AD4864-4399-41A5-8E8D-16D2676E3E16}.Release|x86.Build.0 = Release|Win32
		{F3982D21-9D74-4130-AE92-6F7579F06B4F}.Debug|x64.ActiveCfg = Debug|x64
		{F3982D21-9D74-4130-AE92-6F7579F06B4F}.Debug|x64.Build.0 = Debug|x64
		{F3982D21-9D74-4130-AE92-6F7579F06B4F}.Debug|x86.ActiveCfg = Debug|Win32
		{F3982D21-9D74-4130-AE92-6F7579F06B4F}.Debug|x86.Build.0 = Debug|Win32
		{F3982D21-9D74-4130-AE92-6F7579F06B4F}.Release|x64.ActiveCfg = Release|x64
		{F3982D21-9D74-4130-AE92-6F7579F06B4F}.Release|x64.Build.0 = Release|x64
		{F3982D21-9D74-4130-AE92-6F7579F06B4F}.Release|x86.ActiveCfg = Release|Win32
		{F3982D21-9D74-4130-AE92-6F7579F06B4F}.Release|x86.Build.0 = Release|Win32
		{19252D40-8832-400C-A8EE-6E5144F69F0C}.Debug|x64.ActiveCfg = Debug|x64
		{19252D40-8832-400C-A8EE-6E5144F69F0C}.Debug|x64.Build.0 = Debug|x64
		{19252D40-8832-400C-A8EE-6E5144F69F0C}.Debug|x86.ActiveCfg = Debug|Win32
		{19252D40-8832-400C-A8EE-6E5144F69F0C}.Debug|x86.Build.0 = Debug|Win32
		{19252D40-8832-400C-A8EE-6E5144F69F0C}.Release|x64.ActiveCfg = Release|x64
		{19252D40-8832-400C-A8EE-6E5144F69F0C}.Release|x64.Build.0 = Release|x64
		{19252D40-8832-400C-A8EE-6E5144F69F0C}.Release|x86.ActiveCfg = Release|Win32
		{19252D40-8832-400C-A8EE-6E5144F69F0C}.Release|x86.Build.0 = Release|Win32
		{CDE2119B-17EB-4E3C-AB00-84E8E24251A2}.Debug|x64.ActiveCfg = Debug|x64
		{CDE2119B-17EB-4E3C-AB00-84E8E24251A2}.Debug|x64.Build.0 = Debug|x64
		{CDE2119B-17EB-4E3C-AB00-84E8E24251A2}.Debug|x86.ActiveCfg = Debug|Win32
		{CDE2119B-17EB-4E3C-AB00-84E8E24251A2}.Debug|x86.Build.0 = Debug|Win32
		{CDE2119B-17EB-4E3C-AB00-84E8E24251A2}.Release|x64.ActiveCfg = Release|x64
		{CDE2119B-17EB-4E3C-AB00-84E8E24251A2}.Release|x64.Build.0 = Release|x64
		{CDE2119B-17EB-4E3C-AB00-84E8E24251A2}.Release|x86.ActiveCfg = Release|Win32
		{CDE2119B-17EB-4E3C-AB00-84E8E24251A2}.Release|x86.Build.0 = Release|Win32
		{2F0F55DD-C3DE-46E8-9F41-A863B81C98DA}.Debug|x64.ActiveCfg = Debug|x64
		{2F0F55DD-C3DE-46E8-9F41-A863B81C98DA}.Debug|x64.Build.0 = Debug|x64
		{2F0F55DD-C3DE-46E8-9F41-A863B81C98DA}.Debug|x86.ActiveCfg = Debug|Win32
		{2F0F55DD-C3DE-46E8-9F41-A863B81C98DA}.Debug|x86.Build.0 = Debug|Win32
		{2F0F55DD-C3DE-46E8-9F41-A863B81C98DA}.Release|x64.ActiveCfg = Release|x64
		{2F0F55DD-C3DE-46E8-9F41-A863B81C98DA}.Release|x64.Build.0 = Release|x64
		{2F0F55DD-C3DE-46E8-9F41-A863B81C98DA}.Release|x86.ActiveCfg = Release|Win32
		{2F0F55DD-C3DE-46E8-9F41-A863B81C98DA}.Release|x86.Build.0 = Release|Win32
		{DAFE6BC5-E927-4D45-91DF-56D251CE704B}.Debug|x64.ActiveCfg = Debug|x64
		{DAFE6BC5-E927-4D45-91DF-56D251CE704B}.Debug|x64.Build.0 = Debug|x64
		{DAFE6BC5-E927-4D45-91DF-56D251CE704B}.Debug|x86.ActiveCfg = Debug|Win32
		{DAFE6BC5-E927-4D45-91DF-56D251CE704B}.Debug|x86.Build.0 = Debug|Win32
		{DAFE6BC5-E927-4D45-91DF-56D251CE704B}.Release|x64.ActiveCfg = Release|x64
		{DAFE6BC5-E927-4D45-91DF-56D251CE704B}.Release|x64.Build.0 = Release|x64
		{DAFE6BC5-E927-4D45-91DF-56D251CE704B}.Release|x86.ActiveCfg = Release|Win32
		{DAFE6BC5-E927-4D45-91DF-56D251CE704B}.Release|x86.Build.0 = Release|Win32
		{2C3366CB-F7E7-4C39-84F8-6015B352A273}.Debug|x64.ActiveCfg = Debug|x64
		{2C3366CB-F7E7-4C39-84F8-6015B352A273}.Debug|x64.Build.0 = Debug|x64
		{2C3366CB-F7E7-4C39-84F8-6015B352A273}.Debug|x86.ActiveCfg = Debug|Win32
		{2C3366CB-F7E7-4C39-84F8-6015B352A273}.Debug|x86.Build.0 = Debug|Win32
		{2C3366CB-F7E7-4C39-84F8-6015B352A273}.Release|x64.ActiveCfg = Release|x64
		{2C3366CB-F7E7-4C39-84F8-6015B352A273}.Release|x64.Build.0 = Release|x64
		{2C3366CB-F7E7-4C39-84F8-6015B352A273}.Release|x86.ActiveCfg = Release|Win32
		{2C3366CB-F7E7-4C39-84F8-6015B352A273}.Release|x86.Build.0 = Release|Win32
		{7216EA67-CB35-4679-A709-E734EBCB7A28}.Debug|x64.ActiveCfg = Debug|x64
		{7216EA67-CB35-4679-A709-E734EBCB7A28}.Debug|x64.Build.0 = Debug|x64
		{7216EA67-CB35-4679-A709-E734EBCB7A28}.Debug|x86.ActiveCfg = Debug|Win32
		{7216EA67-CB35-4679-A709-E734EBCB7A28}.Debug|x86.Build.0 = Debug|Win32
		{7216EA67-CB35-4679-A709-E734EBCB7A28}.Release|x64.ActiveCfg = Release|x64
		{7216EA67-CB35-4679-A709-E734EBCB7A28}.Release|x64.Build.0 = Release|x64
		{7216EA67-CB35-4679-A709-E734EBCB7A28}.Release|x86.ActiveCfg = Release|Win32
		{7216EA67-CB35-4679-A709-E734EBCB7A28}.Release|x86.Build.0 = Release|Win32
		{60BD7C55-E63C-415A-8B5D-2812066CAB50}.Debug|x64.ActiveCfg = Debug|x64
		{60BD7C55-E63C-415A-8B5D-2812066CAB50}.Debug|x64.Build.0 = Debug|x64
		{60BD7C55-E63C-415A-8B5D-2812066CAB50}.Debug|x86.ActiveCfg = Debug|Win32
		{60BD7C55-E63C-415A-8B5D-2812066CAB50}.Debug|x86.Build.0 = Debug|Win32
		{60BD7C55-E63C-415A-8B5D-2812066CAB50}.Release|x64.ActiveCfg = Release|x64
		{60BD7C55-E63C-415A-8B5D-2812066CAB50}.Release|x64.Build.0 = Release|x64
		{60BD7C55-E63C-415A-8B5D-2812066CAB50}.Release|x86.ActiveCfg = Release|Win32
		{60BD7C55-E63C-415A-8B5D-2812066CAB50}.Release|x86.Build.0 = Release|Win32
		{57171476-BAC5-4D5B-BC25-9091547A218A}.Debug|x64.ActiveCfg = Debug|x64
		{57171476-BAC5-4D5B-BC25-9091547A218A}.Debug|x64.Build.0 = Debug|x64
		{57171476-BAC5-4D5B-BC25-9091547A218A}.Debug|x86.ActiveCfg = Debug|Win32
		{57171476-BAC5-4D5B-BC25-9091547A218A}.Debug|x86.Build.0 = Debug|Win32
		{57171476-BAC5-4D5B-BC25-9091547A218A}.Release|x64.ActiveCfg = Release|x64
		{57171476-BAC5-4D5B-BC25-9091547A218A}.Release|x64.Build.0 = Release|x64
		{57171476-BAC5-4D5B-BC25-9091547A218A}.Release|x86.ActiveCfg = Release|Win32
		{57171476-BAC5-4D5B-BC25-9091547A218A}.Release|x86.Build.0 = Release|Win32
		{82BAB178-2D77-439B-95F6-492AF07C29D5}.Debug|x64.ActiveCfg = Debug|x64
		{82BAB178-2D77-439B-95F6-492AF07C29D5}.Debug|x64.Build.0 = Debug|x64
		{82BAB178-2D77-439B-95F6-492AF07C29D5}.Debug|x86.ActiveCfg = Debug|Win32
		{82BAB178-2D77-439B-95F6-492AF07C29D5}.Debug|x86.Build.0 = Debug|Win32
		{82BAB178-2D77-439B-95F6-492AF07C29D5}.Release|x64.ActiveCfg = Release|x64
		{82BAB178-2D77-439B-95F6-492AF07C29D5}.Release|x64.Build.0 = Release|x64
		{82BAB178-2D77-439B-95F6-492AF07C29D5}.Release|x86.ActiveCfg = Release|Win32
		{82BAB178-2D77-439B-95F6-492AF07C29D5}.Release|x86.Build.0 = Release|Win32
		{4FE7C048-583F-467C-B030-89C7A8ECE27A}.Debug|x64.ActiveCfg = Debug|x64
		{4FE7C048-583F-467C-B030-89C7A8ECE27A}.Debug|x64.Build.0 = Debug|x64
		{4FE7C048-583F-467C-B030-89C7A8ECE27A}.Debug|x86.ActiveCfg = Debug|Win32
		{4FE7C048-583F-467C-B030-89C7A8ECE27A}.Debug|x86.Build.0 = Debug|Win32
		{4FE7C048-583F-467C-B030-89C7A8ECE27A}.Release|x64.ActiveCfg = Release|x64
		{4FE7C048-583F-467C-B030-89C7A8ECE27A}.Release|x64.Build.0 = Release|x64
		{4FE7C048-583F-467C-B030-89C7A8ECE27A}.Release|x86.ActiveCfg = Release|Win32
		{4FE7C048-583F-467C-B030-89C7A8ECE27A}.Release|x86.Build.0 = Release|Win32
		{E7F65155-3C7C-485F-AAE8-7D0794FA84D8}.Debug|x64.ActiveCfg = Debug|x64
		{E7F65155-3C7C-485F-AAE8-7D0794FA84D8}.Debug|x64.Build.0 = Debug|x64
		{E7F65155-3C7C-485F-AAE8-7D0794FA84D8}.Debug|x86.ActiveCfg = Debug|Win32
		{E7F65155-3C7C-485F-AAE8-7D0794FA84D8}.Debug|x86.Build.0 = Debug|Win32
		{E7F65155-3C7C-485F-AAE8-7D0794FA84D8}.Release|x64.ActiveCfg = Release|x64
		{E7F65155-3C7C-485F-AAE8-7D0794FA84D8}.Release|x64.Build.0 = Release|x64
		{E7F65155-3C7C-485F-AAE8-7D0794FA84D8}.Release|x86.ActiveCfg = Release|Win32
		{E7F65155-3C7C-485F-AAE8-7D0794FA84D8}.Release|x86.Build.0 = Release|Win32
		{698CC252-F70E-490B-87E0-66C6EA27155D}.Debug|x64.ActiveCfg = Debug|x64
		{698CC252-F70E-490B-87E0-66C6EA27155D}.Debug|x64.Build.0 = Debug|x64
		{698CC252-F70E-490B-87E0-66C6EA27155D}.Debug|x86.ActiveCfg = Debug|Win32
		{698CC252-F70E-490B-87E0-66C6EA27155D}.Debug|x86.Build.0 = Debug|Win32
		{698CC252-F70E-490B-87E0-66C6EA27155D}.Release|x64.ActiveCfg = Release|x64
		{698CC252-F70E-490B-87E0-66C6EA27155D}.Release|x64.Build.0 = Release|x64
		{698CC252-F70E-490B-87E0-66C6EA27155D}.Release|x86.ActiveCfg = Release|Win32
		{698CC252-F70E-490B-87E0-66C6EA27155D}.Release|x86.Build.0 = Release|Win32
		{C332F3DD-9D9D-4BC8-AFDD-0D2D3D536D78}.Debug|x64.ActiveCfg = Debug|x64
		{C332F3DD-9D9D-4BC8-AFDD-0D2D3D536D78}.Debug|x64.Build.0 = Debug|x64
		{C332F3DD-9D9D-4BC8-AFDD-0D2D3D536D78}.Debug|x86.ActiveCfg = Debug|Win32
		{C332F3DD-9D9D-4BC8-AFDD-0D2D3D536D78}.Debug|x86.Build.0 = Debug|Win32
		{C332F3DD-9D9D-4BC8-AFDD-0D2D3D536D78}.Release|x64.ActiveCfg = Release|x64
		{C332F3DD-9D9D-4BC8-AFDD-0D2D3D536D78}.Release|x64.Build.0 = Release|x64
		{C332F3DD-9D9D-4BC8-AFDD-0D2D3D536D78}.Release|x86.ActiveCfg = Release|Win32
		{C332F3DD-9D9D-4BC8-AFDD-0D2D3D536D78}.Release|x86.Build.0 = Release|Win32
		{47014C4C-C77B-497B-BFFE-86A987EDABEF}.Debug|x64.ActiveCfg = Debug|x64
		{47014C4C-C77B-497B-BFFE-86A987EDABEF}.Debug|x64.Build.0 = Debug|x64
		{47014C4C-C77B-497B-BFFE-86A987EDABEF}.Debug|x86.ActiveCfg = Debug|Win32
		{47014C4C-C77B-497B-BFFE-86A987EDABEF}.Debug|x86.Build.0 = Debug|Win32
		{47014C4C-C77B-497B-BFFE-86A987EDABEF}.Release|x64.ActiveCfg = Release|x64
		{47014C4C-C77B-497B-BFFE-86A987EDABEF}.Release|x64.Build.0 = Release|x64
		{47014C4C-C77B-497B-BFFE-86A987EDABEF}.Release|x86.ActiveCfg = Release|Win32
		{47014C4C-C77B-497B-BFFE-86A987EDABEF}.Release|x86.Build.0 = Release|Win32
		{E539042A-AE32-4E84-B90B-0045642A550D}.Debug|x64.ActiveCfg = Debug|x64
		{E539042A-AE32-4E84-B90B-0045642A550D}.Debug|x64.Build.0 = Debug|x64
		{E539042A-AE32-4E84-B90B-0045642A550D}.Debug|x86.ActiveCfg = Debug|Win32
		{E539042A-AE32-4E84-B90B-0045642A550D}.Debug|x86.Build.0 = Debug|Win32
		{E539042A-AE32-4E84-B90B-0045642A550D}.Release|x64.ActiveCfg = Release|x64
		{E539042A-AE32-4E84-B90B-0045642A550D}.Release|x64.Build.0 = Release|x64
		{E539042A-AE32-4E84-B90B-0045642A550D}.Release|x86.ActiveCfg = Release|Win32
		{E539042A-AE32-4E84-B90B-0045642A550D}.Release|x86.Build.0 = Release|Win32
		{6004AED2-722F-4937-BF39-F0FDFC6DB346}.Debug|x64.ActiveCfg = Debug|x64
		{6004AED2-722F-4937-BF39-F0FDFC6DB346}.Debug|x64.Build.0 = Debug|x64
		{6004AED2-722F-4937-BF39-F0FDFC6DB346}.Debug|x86.ActiveCfg = Debug|Win32
		{6004AED2-722F-4937-BF39-F0FDFC6DB346}.Debug|x86.Build.0 = Debug|Win32
		{6004AED2-722F-4937-BF39-F0FDFC6DB346}.Release|x64.ActiveCfg = Release|x64
		{6004AED2-722F-4937-BF39-F0FDFC6DB346}.Release|x64.Build.0 = Release|x64
		{6004AED2-722F-4937-BF39-F0FDFC6DB346}.Release|x86.ActiveCfg = Release|Win32
		{6004AED2-722F-4937-BF39-F0FDFC6DB346}.Release|x86.Build.0 = Release|Win32
		{FFB57644-D4F4-4AC8-AAFD-C812B8570462}.Debug|x64.ActiveCfg = Debug|x64
		{FFB57644-D4F4-4AC8-AAFD-C812B8570462}.Debug|x64.Build.0 = Debug|x64
		{FFB57644-D4F4-4AC8-AAFD-C812B8570462}.Debug|x86.ActiveCfg = Debug|Win32
		{FFB57644-D4F4-4AC8-AAFD-C812B8570462}.Debug|x86.Build.0 = Debug|Win32
		{FFB57644-D4F4-4AC8-AAFD-C812B8570462}.Release|x64.ActiveCfg = Release|x64
		{FFB57644-D4F4-4AC8-AAFD-C812B8570462}.Release|x64.Build.0 = Release|x64
		{FFB57644-D4F4-4AC8-AAFD-C812B8570462}.Release|x86.ActiveCfg = Release|Win32
		{FFB57644-D4F4-4AC8-AAFD-C812B8570462}.Release|x86.Build.0 = Release|Win32
		{3E9267F7-1BA5-48B9-8142-62C547CF09FD}.Debug|x64.ActiveCfg = Debug|x64
		{3E9267F7-1BA5-48B9-8142-62C547CF09FD}.Debug|x64.Build.0 = Debug|x64
		{3E9267F7-1BA5-48B9-8142-62C547CF09FD}.Debug|x86.ActiveCfg = Debug|Win32
		{3E9267F7-1BA5-48B9-8142-62C547CF09FD}.Debug|x86.Build.0 = Debug|Win32
		{3E9267F7-1BA5-48B9-8142-62C547CF09FD}.Release|x64.ActiveCfg = Release|x64
		{3E9267F7-1BA5-48B9-8142-62C547CF09FD}.Release|x64.Build.0 = Release|x64
		{3E9267F7-1BA5-48B9-8142-62C547CF09FD}.Release|x86.ActiveCfg = Release|Win32
		{3E9267F7-1BA5-48B9-8142-62C547CF09FD}.Release|x86.Build.0 = Release|Win32
		{F6B85346-714D-4747-A7EB-131863336C2A}.Debug|x64.ActiveCfg = Debug|x64
		{F6B85346-714D-4747-A7EB-131863336C2A}.Debug|x64.Build.0 = Debug|x64
		{F6B85346-714D-4747-A7EB-131863336C2A}.Debug|x86.ActiveCfg = Debug|Win32
		{F6B85346-714D-4747-A7EB-131863336C2A}.Debug|x86.Build.0 = Debug|Win32
		{F6B85346-714D-4747-A7EB-131863336C2A}.Release|x64.ActiveCfg = Release|x64
		{F6B85346-714D-4747-A7EB-131863336C2A}.Release|x64.Build.0 = Release|x64
		{F6B85346-714D-4747-A7EB-131863336C2A}.Release|x86.ActiveCfg = Release|Win32
		{F6B85346-714D-4747-A7EB-131863336C2A}.Release|x86.Build.0 = Release|Win32
		{D93AAD42-8029-4E08-AE82-C93CA401EB26}.Debug|x64.ActiveCfg = Debug|x64
		{D93AAD42-8029-4E08-AE82-C93CA401EB26}.Debug|x64.Build.0 = Debug|x64
		{D93AAD42-8029-4E08-AE82-C93CA401EB26}.Debug|x86.ActiveCfg = Debug|Win32
		{D93AAD42-8029-4E08-AE82-C93CA401EB26}.Debug|x86.Build.0 = Debug|Win32
		{D93AAD42-8029-4E08-AE82-C93CA401EB26}.Release|x64.ActiveCfg = Release|x64
		{D93AAD42-8029-4E08-AE82-C93CA401EB26}.Release|x64.Build.0 = Release|x64
		{D93AAD42-8029-4E08-AE82-C93CA401EB26}.Release|x86.ActiveCfg = Release|Win32
		{D93AAD42-8029-4E08-AE82-C93CA401EB26}.Release|x86.Build.0 = Release|Win32
		{04DD1D18-AF48-4049-8622-0B55F5289ACF}.Debug|x64.ActiveCfg = Debug|x64
		{04DD1D18-AF48-4049-8622-0B55F5289ACF}.Debug|x64.Build.0 = Debug|x64
		{04DD1D18-AF48-4049-8622-0B55F5289ACF}.Debug|x86.ActiveCfg = Debug|Win32
		{04DD1D18-AF48-4049-8622-0B55F5289ACF}.Debug|x86.Build.0 = Debug|Win32
		{04DD1D18-AF48-4049-8622-0B55F5289ACF}.Release|x64.ActiveCfg = Release|x64
		{04DD1D18-AF48-4049-8622-0B55F5289ACF}.Release|x64.Build.0 = Release|x64
		{04DD1D18-AF48-4049-8622-0B55F5289ACF}.Release|x86.ActiveCfg = Release|Win32
		{04DD1D18-AF48-4049-8622-0B55F5289ACF}.Release|x86.Build.0 = Release|Win32
		{1F976843-01B2-4010-ABF7-200368FFD22A}.Debug|x64.ActiveCfg = Debug|x64
		{1F976843-01B2-4010-ABF7-200368FFD22A}.Debug|x64.Build.0 = Debug|x64
		{1F976843-01B2-4010-ABF7-200368FFD22A}.Debug|x86.ActiveCfg = Debug|Win32
		{1F976843-01B2-4010-ABF7-200368FFD22A}.Debug|x86.Build.0 = Debug|Win32
		{1F976843-01B2-4010-ABF7-200368FFD22A}.Release|x64.ActiveCfg = Release|x64
		{1F976843-01B2-4010-ABF7-200368FFD22A}.Release|x64.Build.0 = Release|x64
		{1F976843-01B2-4010-ABF7-200368FFD22A}.Release|x86.ActiveCfg = Release|Win32
		{1F976843-01B2-4010-ABF7-200368FFD22A}.Release|x86.Build.0 = Release|Win32
		{FE5DEFB6-35C6-409C-9BBA-9866EBAF5D46}.Debug|x64.ActiveCfg = Debug|x64
		{FE5DEFB6-35C6-409C-9BBA-9866EBAF5D46}.Debug|x64.Build.0 = Debug|x64
		{FE5DEFB6-35C6-409C-9BBA-9866EBAF5D46}.Debug|x86.ActiveCfg = Debug|Win32
		{FE5DEFB6-35C6-409C-9BBA-9866EBAF5D46}.Debug|x86.Build.0 = Debug|Win32
		{FE5DEFB6-35C6-409C-9BBA-9866EBAF5D46}.Release|x64.ActiveCfg = Release|x64
		{FE5DEFB6-35C6-409C-9BBA-9866EBAF5D46}.Release|x64.Build.0 = Release|x64
		{FE5DEFB6-35C6-409C-9BBA-9866EBAF5D46}.Release|x86.ActiveCfg = Release|Win32
		{FE5DEFB6-35C6-409C-9BBA-9866EBAF5D46}.Release|x86.Build.0 = Release|Win32
		{E1DA9FB1-99C0-4D87-80CF-789138E78D4D}.Debug|x64.ActiveCfg = Debug|x64
		{E1DA9FB1-99C0-4D87-80CF-789138E78D4D}.Debug|x64.Build.0 = Debug|x64
		{E1DA9FB1-99C0-4D87-80CF-789138E78D4D}.Debug|x86.ActiveCfg = Debug|Win32
		{E1DA9FB1-99C0-4D87-80CF-789138E78D4D}.Debug|x86.Build.0 = Debug|Win32
		{E1DA9FB1-99C0-4D87-80CF-789138E78D4D}.Release|x64.ActiveCfg = Release|x64
		{E1DA9FB1-99C0-4D87-80CF-789138E78D4D}.Release|x64.Build.0 = Release|x64
		{E1DA9FB1-99C0-4D87-80CF-789138E78D4D}.Release|x86.ActiveCfg = Release|Win32
		{E1DA9FB1-99C0-4D87-80CF-789138E78D4D}.Release|x86.Build.0 = Release|Win32
		{555594DA-1FFF-4547-882A-8459C83B7817}.Debug|x64.ActiveCfg = Debug|x64
		{555594DA-1FFF-4547-882A-8459C83B7817}.Debug|x64.Build.0 = Debug|x64
		{555594DA-1FFF-4547-882A-8459C83B7817}.Debug|x86.ActiveCfg = Debug|Win32
		{555594DA-1FFF-4547-882A-8459C83B7817}.Debug|x86.Build.0 = Debug|Win32
		{555594DA-1FFF-4547-882A-8459C83B7817}.Release|x64.ActiveCfg = Release|x64
		{555594DA-1FFF-4547-882A-8459C83B7817}.Release|x64.Build.0 = Release|x64
		{555594DA-1FFF-4547-882A-8459C83B7817}.Release|x86.ActiveCfg = Release|Win32
		{555594DA-1FFF-4547-882A-8459C83B7817}.Release|x86.Build.0 = Release|Win32
	EndGlobalSection
	GlobalSection(SolutionProperties) = preSolution
		HideSolutionNode = FALSE
	EndGlobalSection
	GlobalSection(NestedProjects) = preSolution
		{BA7183FB-F417-4640-A445-ABE54D838DB9} = {ACF416DA-C825-4677-8067-EC161295ECC2}
		{01499617-C2B9-4118-B871-757F5E6914D0} = {3D6F1DFC-2436-49A2-B5C2-98C72BCB9F12}
		{A43CE61D-3438-4C7B-B0F7-599002859583} = {3D6F1DFC-2436-49A2-B5C2-98C72BCB9F12}
		{8447829F-46CB-4E22-8247-0A9A61DAA542} = {C8889C5A-3003-4E83-BD3D-8CA05148BB38}
		{65B0BFE2-E474-4A55-9E62-B099690E2394} = {4210C655-4BB7-4DD8-8F3F-387D9CB405C4}
		{9820E3A6-38EF-4285-B391-AF9F41B16881} = {3D6F1DFC-2436-49A2-B5C2-98C72BCB9F12}
		{26567707-8FA3-4C72-8A39-B12E52740F2B} = {4210C655-4BB7-4DD8-8F3F-387D9CB405C4}
		{28DC3F00-334C-413E-A8FE-CEDFD5F4AF2F} = {83F4E9CD-2C47-478B-9BA2-A5A89AB1BC17}
		{88B067D5-96AF-48D7-AB53-AEF4DD1C3664} = {83F4E9CD-2C47-478B-9BA2-A5A89AB1BC17}
		{2DAC1316-4D17-4EBD-9FDC-B92B68E482D3} = {83F4E9CD-2C47-478B-9BA2-A5A89AB1BC17}
		{E9CBFFE1-C77A-413A-A27F-D830261162A8} = {59C9342A-0F06-4C0E-8C7E-9686B6795FB9}
		{FFBF79EB-86EF-4A76-93FC-CE0CF42DCB37} = {81619FE3-0B30-42E8-A920-350E23E56AF6}
		{AD4674D1-797C-4B65-ABD8-3A82CF080BB3} = {81619FE3-0B30-42E8-A920-350E23E56AF6}
		{2F540121-3AAB-4D78-9AF4-00A5404BECDA} = {C8889C5A-3003-4E83-BD3D-8CA05148BB38}
		{64AD4864-4399-41A5-8E8D-16D2676E3E16} = {C8889C5A-3003-4E83-BD3D-8CA05148BB38}
		{F3982D21-9D74-4130-AE92-6F7579F06B4F} = {C8889C5A-3003-4E83-BD3D-8CA05148BB38}
		{19252D40-8832-400C-A8EE-6E5144F69F0C} = {C8889C5A-3003-4E83-BD3D-8CA05148BB38}
		{CDE2119B-17EB-4E3C-AB00-84E8E24251A2} = {81619FE3-0B30-42E8-A920-350E23E56AF6}
		{2F0F55DD-C3DE-46E8-9F41-A863B81C98DA} = {81619FE3-0B30-42E8-A920-350E23E56AF6}
		{DAFE6BC5-E927-4D45-91DF-56D251CE704B} = {D4A428FE-71E8-426A-9168-1FD73EBD8044}
		{2C3366CB-F7E7-4C39-84F8-6015B352A273} = {D4A428FE-71E8-426A-9168-1FD73EBD8044}
		{7216EA67-CB35-4679-A709-E734EBCB7A28} = {D4A428FE-71E8-426A-9168-1FD73EBD8044}
		{60BD7C55-E63C-415A-8B5D-2812066CAB50} = {59C9342A-0F06-4C0E-8C7E-9686B6795FB9}
		{57171476-BAC5-4D5B-BC25-9091547A218A} = {59C9342A-0F06-4C0E-8C7E-9686B6795FB9}
		{82BAB178-2D77-439B-95F6-492AF07C29D5} = {59C9342A-0F06-4C0E-8C7E-9686B6795FB9}
		{4FE7C048-583F-467C-B030-89C7A8ECE27A} = {59C9342A-0F06-4C0E-8C7E-9686B6795FB9}
		{E7F65155-3C7C-485F-AAE8-7D0794FA84D8} = {D4A428FE-71E8-426A-9168-1FD73EBD8044}
		{698CC252-F70E-490B-87E0-66C6EA27155D} = {3E68454A-36BB-46C0-B9C9-23AF72CF1ECD}
		{C332F3DD-9D9D-4BC8-AFDD-0D2D3D536D78} = {3E68454A-36BB-46C0-B9C9-23AF72CF1ECD}
		{47014C4C-C77B-497B-BFFE-86A987EDABEF} = {3E68454A-36BB-46C0-B9C9-23AF72CF1ECD}
		{E539042A-AE32-4E84-B90B-0045642A550D} = {3E68454A-36BB-46C0-B9C9-23AF72CF1ECD}
		{6004AED2-722F-4937-BF39-F0FDFC6DB346} = {F702ED74-72C6-4C32-A408-B7C4DFEDCBE2}
		{FFB57644-D4F4-4AC8-AAFD-C812B8570462} = {2CD80D7F-5AC4-4CF7-96D3-A178F5E23FAD}
		{3E9267F7-1BA5-48B9-8142-62C547CF09FD} = {7C675842-A067-4356-BBB9-05F161062E48}
		{F6B85346-714D-4747-A7EB-131863336C2A} = {7C675842-A067-4356-BBB9-05F161062E48}
		{D93AAD42-8029-4E08-AE82-C93CA401EB26} = {BE47A386-4C90-41FB-AD23-5707E7B51640}
		{04DD1D18-AF48-4049-8622-0B55F5289ACF} = {BE47A386-4C90-41FB-AD23-5707E7B51640}
		{1F976843-01B2-4010-ABF7-200368FFD22A} = {BE47A386-4C90-41FB-AD23-5707E7B51640}
		{FE5DEFB6-35C6-409C-9BBA-9866EBAF5D46} = {2CD80D7F-5AC4-4CF7-96D3-A178F5E23FAD}
		{E1DA9FB1-99C0-4D87-80CF-789138E78D4D} = {2CD80D7F-5AC4-4CF7-96D3-A178F5E23FAD}
		{555594DA-1FFF-4547-882A-8459C83B7817} = {2CD80D7F-5AC4-4CF7-96D3-A178F5E23FAD}
	EndGlobalSection
	GlobalSection(ExtensibilityGlobals) = postSolution
		SolutionGuid = {CB00A158-DE20-4FFE-A142-C1F8D32510C2}
	EndGlobalSection
EndGlobal
